
Microsoft Visual Studio Solution File, Format Version 12.00
# Visual Studio Version 16
VisualStudioVersion = 16.0.28531.58
MinimumVisualStudioVersion = 15.0.26124.0
Project("{9A19103F-16F7-4668-BE54-9A1E7A4F7556}") = "Blazor.PureMvc", "pureMvc\Blazor.PureMvc.csproj", "{4653C844-D2E4-4F45-B28B-E7BDC7F8A2A0}"
EndProject
Project("{9A19103F-16F7-4668-BE54-9A1E7A4F7556}") = "Blazor.Core", "blazor.core\Blazor.Core.csproj", "{FC2AAFBA-D3E9-4536-945B-CB2864A27B66}"
EndProject
Project("{9A19103F-16F7-4668-BE54-9A1E7A4F7556}") = "Blazor.Client", "blazor.client\Blazor.Client.csproj", "{AF7170D4-1E10-42D7-8AE8-2811D9C69DFE}"
EndProject
Global
	GlobalSection(SolutionConfigurationPlatforms) = preSolution
		Debug|Any CPU = Debug|Any CPU
		Debug|x64 = Debug|x64
		Debug|x86 = Debug|x86
		Release|Any CPU = Release|Any CPU
		Release|x64 = Release|x64
		Release|x86 = Release|x86
	EndGlobalSection
	GlobalSection(ProjectConfigurationPlatforms) = postSolution
		{4653C844-D2E4-4F45-B28B-E7BDC7F8A2A0}.Debug|Any CPU.ActiveCfg = Debug|Any CPU
		{4653C844-D2E4-4F45-B28B-E7BDC7F8A2A0}.Debug|Any CPU.Build.0 = Debug|Any CPU
		{4653C844-D2E4-4F45-B28B-E7BDC7F8A2A0}.Debug|x64.ActiveCfg = Debug|Any CPU
		{4653C844-D2E4-4F45-B28B-E7BDC7F8A2A0}.Debug|x64.Build.0 = Debug|Any CPU
		{4653C844-D2E4-4F45-B28B-E7BDC7F8A2A0}.Debug|x86.ActiveCfg = Debug|Any CPU
		{4653C844-D2E4-4F45-B28B-E7BDC7F8A2A0}.Debug|x86.Build.0 = Debug|Any CPU
		{4653C844-D2E4-4F45-B28B-E7BDC7F8A2A0}.Release|Any CPU.ActiveCfg = Release|Any CPU
		{4653C844-D2E4-4F45-B28B-E7BDC7F8A2A0}.Release|Any CPU.Build.0 = Release|Any CPU
		{4653C844-D2E4-4F45-B28B-E7BDC7F8A2A0}.Release|x64.ActiveCfg = Release|Any CPU
		{4653C844-D2E4-4F45-B28B-E7BDC7F8A2A0}.Release|x64.Build.0 = Release|Any CPU
		{4653C844-D2E4-4F45-B28B-E7BDC7F8A2A0}.Release|x86.ActiveCfg = Release|Any CPU
		{4653C844-D2E4-4F45-B28B-E7BDC7F8A2A0}.Release|x86.Build.0 = Release|Any CPU
		{FC2AAFBA-D3E9-4536-945B-CB2864A27B66}.Debug|Any CPU.ActiveCfg = Debug|Any CPU
		{FC2AAFBA-D3E9-4536-945B-CB2864A27B66}.Debug|Any CPU.Build.0 = Debug|Any CPU
		{FC2AAFBA-D3E9-4536-945B-CB2864A27B66}.Debug|x64.ActiveCfg = Debug|Any CPU
		{FC2AAFBA-D3E9-4536-945B-CB2864A27B66}.Debug|x64.Build.0 = Debug|Any CPU
		{FC2AAFBA-D3E9-4536-945B-CB2864A27B66}.Debug|x86.ActiveCfg = Debug|Any CPU
		{FC2AAFBA-D3E9-4536-945B-CB2864A27B66}.Debug|x86.Build.0 = Debug|Any CPU
		{FC2AAFBA-D3E9-4536-945B-CB2864A27B66}.Release|Any CPU.ActiveCfg = Release|Any CPU
		{FC2AAFBA-D3E9-4536-945B-CB2864A27B66}.Release|Any CPU.Build.0 = Release|Any CPU
		{FC2AAFBA-D3E9-4536-945B-CB2864A27B66}.Release|x64.ActiveCfg = Release|Any CPU
		{FC2AAFBA-D3E9-4536-945B-CB2864A27B66}.Release|x64.Build.0 = Release|Any CPU
		{FC2AAFBA-D3E9-4536-945B-CB2864A27B66}.Release|x86.ActiveCfg = Release|Any CPU
		{FC2AAFBA-D3E9-4536-945B-CB2864A27B66}.Release|x86.Build.0 = Release|Any CPU
		{AF7170D4-1E10-42D7-8AE8-2811D9C69DFE}.Debug|Any CPU.ActiveCfg = Debug|Any CPU
		{AF7170D4-1E10-42D7-8AE8-2811D9C69DFE}.Debug|Any CPU.Build.0 = Debug|Any CPU
		{AF7170D4-1E10-42D7-8AE8-2811D9C69DFE}.Debug|x64.ActiveCfg = Debug|Any CPU
		{AF7170D4-1E10-42D7-8AE8-2811D9C69DFE}.Debug|x64.Build.0 = Debug|Any CPU
		{AF7170D4-1E10-42D7-8AE8-2811D9C69DFE}.Debug|x86.ActiveCfg = Debug|Any CPU
		{AF7170D4-1E10-42D7-8AE8-2811D9C69DFE}.Debug|x86.Build.0 = Debug|Any CPU
		{AF7170D4-1E10-42D7-8AE8-2811D9C69DFE}.Release|Any CPU.ActiveCfg = Release|Any CPU
		{AF7170D4-1E10-42D7-8AE8-2811D9C69DFE}.Release|Any CPU.Build.0 = Release|Any CPU
		{AF7170D4-1E10-42D7-8AE8-2811D9C69DFE}.Release|x64.ActiveCfg = Release|Any CPU
		{AF7170D4-1E10-42D7-8AE8-2811D9C69DFE}.Release|x64.Build.0 = Release|Any CPU
		{AF7170D4-1E10-42D7-8AE8-2811D9C69DFE}.Release|x86.ActiveCfg = Release|Any CPU
		{AF7170D4-1E10-42D7-8AE8-2811D9C69DFE}.Release|x86.Build.0 = Release|Any CPU
	EndGlobalSection
	GlobalSection(SolutionProperties) = preSolution
		HideSolutionNode = FALSE
	EndGlobalSection
	GlobalSection(ExtensibilityGlobals) = postSolution
		SolutionGuid = {CDF2A02C-6A42-481C-8DD5-A9B69A32394D}
	EndGlobalSection
EndGlobal
